{
    "_readme": [
        "This file locks the dependencies of your project to a known state",
        "Read more about it at https://getcomposer.org/doc/01-basic-usage.md#installing-dependencies",
        "This file is @generated automatically"
    ],
    "content-hash": "c329a43781ca42de6d6aa1ea647a2aee",
    "packages": [
        {
            "name": "noctalys/framework",
            "version": "0.1.2",
            "source": {
                "type": "git",
                "url": "https://github.com/Goramax/Noctalys.git",
                "reference": "ca46c319654ab076e1ebe4e1728bf74a768f823b"
            },
            "dist": {
                "type": "zip",
                "url": "https://api.github.com/repos/Goramax/Noctalys/zipball/ca46c319654ab076e1ebe4e1728bf74a768f823b",
                "reference": "ca46c319654ab076e1ebe4e1728bf74a768f823b",
                "shasum": ""
            },
            "require": {
                "php": ">=8.2"
            },
            "require-dev": {
                "phpunit/phpunit": "^11.5"
            },
            "suggest": {
                "ext-apcu": "Required for caching",
                "ext-pdo": "Required for database interactions",
                "latte/latte": "Required to use Latte templates",
                "smarty/smarty": "Required to use Smarty templates",
                "twig/twig": "Required to use Twig templates"
            },
            "type": "library",
            "autoload": {
                "files": [
                    "src/Helpers/Helpers.php"
                ],
                "psr-4": {
                    "Noctalys\\Framework\\": "src/"
                }
            },
            "notification-url": "https://packagist.org/downloads/",
            "license": [
                "MIT"
            ],
            "authors": [
                {
                    "name": "Goramax"
                }
            ],
            "description": "A modern and lightweight PHP framework",
            "support": {
                "issues": "https://github.com/Goramax/Noctalys/issues",
                "source": "https://github.com/Goramax/Noctalys/tree/0.1.2"
            },
            "time": "2025-12-22T21:20:15+00:00"
        }
    ],
    "packages-dev": [],
    "aliases": [],
    "minimum-stability": "dev",
    "stability-flags": {},
    "prefer-stable": true,
    "prefer-lowest": false,
    "platform": {},
    "platform-dev": {},
    "plugin-api-version": "2.9.0"
}
